
Microsoft Visual Studio Solution File, Format Version 12.00
# Visual Studio 15
VisualStudioVersion = 15.0.27703.2035
MinimumVisualStudioVersion = 10.0.40219.1
Project("{FAE04EC0-301F-11D3-BF4B-00C04F79EFBC}") = "ScreenTurnOff-inator", "ScreenTurnOff-inator\ScreenTurnOff-inator.csproj", "{0FD6842B-39F4-407E-B1D5-D7F9D29E49ED}"
EndProject
Global
	GlobalSection(SolutionConfigurationPlatforms) = preSolution
		Debug|Any CPU = Debug|Any CPU
		Release|Any CPU = Release|Any CPU
	EndGlobalSection
	GlobalSection(ProjectConfigurationPlatforms) = postSolution
		{0FD6842B-39F4-407E-B1D5-D7F9D29E49ED}.Debug|Any CPU.ActiveCfg = Debug|Any CPU
		{0FD6842B-39F4-407E-B1D5-D7F9D29E49ED}.Debug|Any CPU.Build.0 = Debug|Any CPU
		{0FD6842B-39F4-407E-B1D5-D7F9D29E49ED}.Release|Any CPU.ActiveCfg = Release|Any CPU
		{0FD6842B-39F4-407E-B1D5-D7F9D29E49ED}.Release|Any CPU.Build.0 = Release|Any CPU
	EndGlobalSection
	GlobalSection(SolutionProperties) = preSolution
		HideSolutionNode = FALSE
	EndGlobalSection
	GlobalSection(ExtensibilityGlobals) = postSolution
		SolutionGuid = {4AB72649-E4C4-48AA-BFB8-D5D129D60A72}
	EndGlobalSection
EndGlobal
